// !$*UTF8*$!
{
	archiveVersion = 1;
	classes = {
	};
	objectVersion = 48;
	objects = {

/* Begin PBXBuildFile section */
		36BDE4BD203D87BC00581A05 /* AppDelegate.swift in Sources */ = {isa = PBXBuildFile; fileRef = 36BDE4BC203D87BC00581A05 /* AppDelegate.swift */; };
		36BDE4BF203D87BC00581A05 /* MainTabBarController.swift in Sources */ = {isa = PBXBuildFile; fileRef = 36BDE4BE203D87BC00581A05 /* MainTabBarController.swift */; };
		36BDE4C4203D87BC00581A05 /* Assets.xcassets in Resources */ = {isa = PBXBuildFile; fileRef = 36BDE4C3203D87BC00581A05 /* Assets.xcassets */; };
		36BDE4CF203D884000581A05 /* DrinkByViewController.swift in Sources */ = {isa = PBXBuildFile; fileRef = 36BDE4CE203D884000581A05 /* DrinkByViewController.swift */; };
		36BDE4D1203D884D00581A05 /* ProducerViewController.swift in Sources */ = {isa = PBXBuildFile; fileRef = 36BDE4D0203D884D00581A05 /* ProducerViewController.swift */; };
		92032433247726690035B9A7 /* ReconcileDetailController.swift in Sources */ = {isa = PBXBuildFile; fileRef = 92032432247726690035B9A7 /* ReconcileDetailController.swift */; };
		92042F3524645CBC00515BAD /* UserCell.swift in Sources */ = {isa = PBXBuildFile; fileRef = 92042F3424645CBC00515BAD /* UserCell.swift */; };
		920DA68E247793700025BA44 /* ReconcileTableViewCell.swift in Sources */ = {isa = PBXBuildFile; fileRef = 920DA68D247793700025BA44 /* ReconcileTableViewCell.swift */; };
		922B8ECF2469A94D00911785 /* AddTableViewCell.swift in Sources */ = {isa = PBXBuildFile; fileRef = 922B8ECE2469A94D00911785 /* AddTableViewCell.swift */; };
		922B8ED12469AB3700911785 /* SearchViewController.swift in Sources */ = {isa = PBXBuildFile; fileRef = 922B8ED02469AB3700911785 /* SearchViewController.swift */; };
		922FBD3A21B9AEC100E14641 /* Alert.swift in Sources */ = {isa = PBXBuildFile; fileRef = 922FBD3921B9AEC100E14641 /* Alert.swift */; };
		922FBD4021B9CD4800E14641 /* inventory.swift in Sources */ = {isa = PBXBuildFile; fileRef = 922FBD3F21B9CD4800E14641 /* inventory.swift */; };
		923B6D3F24509B020080A5F6 /* bottles1.csv in Resources */ = {isa = PBXBuildFile; fileRef = 923B6D3E24509B020080A5F6 /* bottles1.csv */; };
		924175EE245A1EA7002502FE /* LoginController.swift in Sources */ = {isa = PBXBuildFile; fileRef = 924175ED245A1EA7002502FE /* LoginController.swift */; };
		924175F2245A2082002502FE /* LoginCell.swift in Sources */ = {isa = PBXBuildFile; fileRef = 924175F1245A2082002502FE /* LoginCell.swift */; };
		924175F4245A2104002502FE /* PageCell.swift in Sources */ = {isa = PBXBuildFile; fileRef = 924175F3245A2104002502FE /* PageCell.swift */; };
		924175F6245A212E002502FE /* Page.swift in Sources */ = {isa = PBXBuildFile; fileRef = 924175F5245A212E002502FE /* Page.swift */; };
		924175FA245A2625002502FE /* UserDefaults.swift in Sources */ = {isa = PBXBuildFile; fileRef = 924175F9245A2625002502FE /* UserDefaults.swift */; };
		924175FC245A2910002502FE /* Extensions.swift in Sources */ = {isa = PBXBuildFile; fileRef = 924175FB245A2910002502FE /* Extensions.swift */; };
		925C4513246AE8A000044894 /* temp.swift in Sources */ = {isa = PBXBuildFile; fileRef = 925C4512246AE8A000044894 /* temp.swift */; };
		926D0921247CD556001A8838 /* RemoveBottlesController.swift in Sources */ = {isa = PBXBuildFile; fileRef = 926D0920247CD556001A8838 /* RemoveBottlesController.swift */; };
		92753CE5245DC3D400EF08F6 /* Keyboard.swift in Sources */ = {isa = PBXBuildFile; fileRef = 92753CE4245DC3D400EF08F6 /* Keyboard.swift */; };
		927C22B02483729800695B45 /* Localizable.strings in Resources */ = {isa = PBXBuildFile; fileRef = 927C22B22483729800695B45 /* Localizable.strings */; };
		92BD925A248D3C3700FF839C /* wip.swift in Sources */ = {isa = PBXBuildFile; fileRef = 92BD9259248D3C3700FF839C /* wip.swift */; };
		92E15D1121B8A49E0068C213 /* VarietalViewController.swift in Sources */ = {isa = PBXBuildFile; fileRef = 92E15D1021B8A49E0068C213 /* VarietalViewController.swift */; };
		92E60F452455DBAB0047911C /* DataServices.swift in Sources */ = {isa = PBXBuildFile; fileRef = 92E60F442455DBAB0047911C /* DataServices.swift */; };
		92ED7705248EE3F3000FAD39 /* LaunchScreen.storyboard in Resources */ = {isa = PBXBuildFile; fileRef = 92ED7703248EE3F2000FAD39 /* LaunchScreen.storyboard */; };
		92EE679021CD69BE00BAEEC1 /* BinTableViewCell.swift in Sources */ = {isa = PBXBuildFile; fileRef = 92EE678D21CD69BD00BAEEC1 /* BinTableViewCell.swift */; };
		92F6896B2472E294006EB934 /* ReconcileViewController.swift in Sources */ = {isa = PBXBuildFile; fileRef = 92F6896A2472E294006EB934 /* ReconcileViewController.swift */; };
		92F7830621E8E7040003C451 /* AddWineController.swift in Sources */ = {isa = PBXBuildFile; fileRef = 92F7830521E8E7040003C451 /* AddWineController.swift */; };
		92FA003121BAD3B70091A710 /* wineDetailViewController.swift in Sources */ = {isa = PBXBuildFile; fileRef = 92FA003021BAD3B70091A710 /* wineDetailViewController.swift */; };
/* End PBXBuildFile section */

/* Begin PBXFileReference section */
		36BDE4B9203D87BC00581A05 /* wineApp.app */ = {isa = PBXFileReference; explicitFileType = wrapper.application; includeInIndex = 0; path = wineApp.app; sourceTree = BUILT_PRODUCTS_DIR; };
		36BDE4BC203D87BC00581A05 /* AppDelegate.swift */ = {isa = PBXFileReference; lastKnownFileType = sourcecode.swift; path = AppDelegate.swift; sourceTree = "<group>"; };
		36BDE4BE203D87BC00581A05 /* MainTabBarController.swift */ = {isa = PBXFileReference; lastKnownFileType = sourcecode.swift; path = MainTabBarController.swift; sourceTree = "<group>"; };
		36BDE4C3203D87BC00581A05 /* Assets.xcassets */ = {isa = PBXFileReference; lastKnownFileType = folder.assetcatalog; path = Assets.xcassets; sourceTree = "<group>"; };
		36BDE4C8203D87BC00581A05 /* Info.plist */ = {isa = PBXFileReference; lastKnownFileType = text.plist.xml; path = Info.plist; sourceTree = "<group>"; };
		36BDE4CE203D884000581A05 /* DrinkByViewController.swift */ = {isa = PBXFileReference; lastKnownFileType = sourcecode.swift; path = DrinkByViewController.swift; sourceTree = "<group>"; };
		36BDE4D0203D884D00581A05 /* ProducerViewController.swift */ = {isa = PBXFileReference; lastKnownFileType = sourcecode.swift; path = ProducerViewController.swift; sourceTree = "<group>"; };
		92032432247726690035B9A7 /* ReconcileDetailController.swift */ = {isa = PBXFileReference; lastKnownFileType = sourcecode.swift; path = ReconcileDetailController.swift; sourceTree = "<group>"; };
		92042F3424645CBC00515BAD /* UserCell.swift */ = {isa = PBXFileReference; lastKnownFileType = sourcecode.swift; path = UserCell.swift; sourceTree = "<group>"; };
		920DA68D247793700025BA44 /* ReconcileTableViewCell.swift */ = {isa = PBXFileReference; lastKnownFileType = sourcecode.swift; path = ReconcileTableViewCell.swift; sourceTree = "<group>"; };
		922B8ECE2469A94D00911785 /* AddTableViewCell.swift */ = {isa = PBXFileReference; lastKnownFileType = sourcecode.swift; path = AddTableViewCell.swift; sourceTree = "<group>"; };
		922B8ED02469AB3700911785 /* SearchViewController.swift */ = {isa = PBXFileReference; lastKnownFileType = sourcecode.swift; path = SearchViewController.swift; sourceTree = "<group>"; };
		922FBD3921B9AEC100E14641 /* Alert.swift */ = {isa = PBXFileReference; lastKnownFileType = sourcecode.swift; path = Alert.swift; sourceTree = "<group>"; };
		922FBD3F21B9CD4800E14641 /* inventory.swift */ = {isa = PBXFileReference; lastKnownFileType = sourcecode.swift; path = inventory.swift; sourceTree = "<group>"; };
		923B6D3E24509B020080A5F6 /* bottles1.csv */ = {isa = PBXFileReference; lastKnownFileType = text; name = bottles1.csv; path = wineApp/bottles1.csv; sourceTree = "<group>"; };
		924175ED245A1EA7002502FE /* LoginController.swift */ = {isa = PBXFileReference; lastKnownFileType = sourcecode.swift; path = LoginController.swift; sourceTree = "<group>"; };
		924175F1245A2082002502FE /* LoginCell.swift */ = {isa = PBXFileReference; lastKnownFileType = sourcecode.swift; path = LoginCell.swift; sourceTree = "<group>"; };
		924175F3245A2104002502FE /* PageCell.swift */ = {isa = PBXFileReference; lastKnownFileType = sourcecode.swift; path = PageCell.swift; sourceTree = "<group>"; };
		924175F5245A212E002502FE /* Page.swift */ = {isa = PBXFileReference; lastKnownFileType = sourcecode.swift; path = Page.swift; sourceTree = "<group>"; };
		924175F9245A2625002502FE /* UserDefaults.swift */ = {isa = PBXFileReference; lastKnownFileType = sourcecode.swift; path = UserDefaults.swift; sourceTree = "<group>"; };
		924175FB245A2910002502FE /* Extensions.swift */ = {isa = PBXFileReference; lastKnownFileType = sourcecode.swift; path = Extensions.swift; sourceTree = "<group>"; };
		925C4512246AE8A000044894 /* temp.swift */ = {isa = PBXFileReference; lastKnownFileType = sourcecode.swift; path = temp.swift; sourceTree = "<group>"; };
		926D0920247CD556001A8838 /* RemoveBottlesController.swift */ = {isa = PBXFileReference; lastKnownFileType = sourcecode.swift; path = RemoveBottlesController.swift; sourceTree = "<group>"; };
		92753CE4245DC3D400EF08F6 /* Keyboard.swift */ = {isa = PBXFileReference; lastKnownFileType = sourcecode.swift; path = Keyboard.swift; sourceTree = "<group>"; };
		927C22B12483729800695B45 /* en */ = {isa = PBXFileReference; lastKnownFileType = text.plist.strings; name = en; path = en.lproj/Localizable.strings; sourceTree = "<group>"; };
		927C22B3248372AA00695B45 /* es */ = {isa = PBXFileReference; lastKnownFileType = text.plist.strings; name = es; path = es.lproj/Localizable.strings; sourceTree = "<group>"; };
		92BD9259248D3C3700FF839C /* wip.swift */ = {isa = PBXFileReference; lastKnownFileType = sourcecode.swift; path = wip.swift; sourceTree = "<group>"; };
		92E15D1021B8A49E0068C213 /* VarietalViewController.swift */ = {isa = PBXFileReference; lastKnownFileType = sourcecode.swift; path = VarietalViewController.swift; sourceTree = "<group>"; };
		92E60F442455DBAB0047911C /* DataServices.swift */ = {isa = PBXFileReference; lastKnownFileType = sourcecode.swift; path = DataServices.swift; sourceTree = "<group>"; };
		92ED7704248EE3F2000FAD39 /* Base */ = {isa = PBXFileReference; lastKnownFileType = file.storyboard; name = Base; path = ../../learn/learn/Base.lproj/LaunchScreen.storyboard; sourceTree = "<group>"; };
		92EE678D21CD69BD00BAEEC1 /* BinTableViewCell.swift */ = {isa = PBXFileReference; fileEncoding = 4; lastKnownFileType = sourcecode.swift; name = BinTableViewCell.swift; path = ../../../../../Library/apps/xcode/wineBinsTableView/wineBinsTableView/BinTableViewCell.swift; sourceTree = "<group>"; };
		92F6896A2472E294006EB934 /* ReconcileViewController.swift */ = {isa = PBXFileReference; lastKnownFileType = sourcecode.swift; path = ReconcileViewController.swift; sourceTree = "<group>"; };
		92F7830521E8E7040003C451 /* AddWineController.swift */ = {isa = PBXFileReference; lastKnownFileType = sourcecode.swift; path = AddWineController.swift; sourceTree = "<group>"; };
		92FA003021BAD3B70091A710 /* wineDetailViewController.swift */ = {isa = PBXFileReference; lastKnownFileType = sourcecode.swift; path = wineDetailViewController.swift; sourceTree = "<group>"; };
/* End PBXFileReference section */

/* Begin PBXFrameworksBuildPhase section */
		36BDE4B6203D87BC00581A05 /* Frameworks */ = {
			isa = PBXFrameworksBuildPhase;
			buildActionMask = 2147483647;
			files = (
			);
			runOnlyForDeploymentPostprocessing = 0;
		};
/* End PBXFrameworksBuildPhase section */

/* Begin PBXGroup section */
		36BDE4B0203D87BC00581A05 = {
			isa = PBXGroup;
			children = (
				927C22B22483729800695B45 /* Localizable.strings */,
				92ABB14924797CDB00F85B20 /* Reconcile */,
				922B8ECE2469A94D00911785 /* AddTableViewCell.swift */,
				92042F3424645CBC00515BAD /* UserCell.swift */,
				92753CE4245DC3D400EF08F6 /* Keyboard.swift */,
				924175F9245A2625002502FE /* UserDefaults.swift */,
				924175F1245A2082002502FE /* LoginCell.swift */,
				924175F3245A2104002502FE /* PageCell.swift */,
				924175F5245A212E002502FE /* Page.swift */,
				923B6D3E24509B020080A5F6 /* bottles1.csv */,
				36BDE4BB203D87BC00581A05 /* wineApp */,
				36BDE4BA203D87BC00581A05 /* Products */,
			);
			sourceTree = "<group>";
		};
		36BDE4BA203D87BC00581A05 /* Products */ = {
			isa = PBXGroup;
			children = (
				36BDE4B9203D87BC00581A05 /* wineApp.app */,
			);
			name = Products;
			sourceTree = "<group>";
		};
		36BDE4BB203D87BC00581A05 /* wineApp */ = {
			isa = PBXGroup;
			children = (
				92ED7703248EE3F2000FAD39 /* LaunchScreen.storyboard */,
				36BDE4BC203D87BC00581A05 /* AppDelegate.swift */,
				924175ED245A1EA7002502FE /* LoginController.swift */,
				926D0920247CD556001A8838 /* RemoveBottlesController.swift */,
				924175FB245A2910002502FE /* Extensions.swift */,
				36BDE4BE203D87BC00581A05 /* MainTabBarController.swift */,
				922B8ED02469AB3700911785 /* SearchViewController.swift */,
				925C4512246AE8A000044894 /* temp.swift */,
				36BDE4CE203D884000581A05 /* DrinkByViewController.swift */,
				92E15D1021B8A49E0068C213 /* VarietalViewController.swift */,
				36BDE4D0203D884D00581A05 /* ProducerViewController.swift */,
				92F7830521E8E7040003C451 /* AddWineController.swift */,
				36BDE4C3203D87BC00581A05 /* Assets.xcassets */,
				36BDE4C8203D87BC00581A05 /* Info.plist */,
				922FBD3921B9AEC100E14641 /* Alert.swift */,
				922FBD3F21B9CD4800E14641 /* inventory.swift */,
				92E60F442455DBAB0047911C /* DataServices.swift */,
				92BD9259248D3C3700FF839C /* wip.swift */,
				92FA003021BAD3B70091A710 /* wineDetailViewController.swift */,
				92EE678D21CD69BD00BAEEC1 /* BinTableViewCell.swift */,
			);
			path = wineApp;
			sourceTree = "<group>";
		};
		92ABB14924797CDB00F85B20 /* Reconcile */ = {
			isa = PBXGroup;
			children = (
				920DA68D247793700025BA44 /* ReconcileTableViewCell.swift */,
				92032432247726690035B9A7 /* ReconcileDetailController.swift */,
				92F6896A2472E294006EB934 /* ReconcileViewController.swift */,
			);
			path = Reconcile;
			sourceTree = "<group>";
		};
/* End PBXGroup section */

/* Begin PBXNativeTarget section */
		36BDE4B8203D87BC00581A05 /* wineApp */ = {
			isa = PBXNativeTarget;
			buildConfigurationList = 36BDE4CB203D87BC00581A05 /* Build configuration list for PBXNativeTarget "wineApp" */;
			buildPhases = (
				36BDE4B5203D87BC00581A05 /* Sources */,
				36BDE4B6203D87BC00581A05 /* Frameworks */,
				36BDE4B7203D87BC00581A05 /* Resources */,
			);
			buildRules = (
			);
			dependencies = (
			);
			name = wineApp;
			productName = TabbarApp;
			productReference = 36BDE4B9203D87BC00581A05 /* wineApp.app */;
			productType = "com.apple.product-type.application";
		};
/* End PBXNativeTarget section */

/* Begin PBXProject section */
		36BDE4B1203D87BC00581A05 /* Project object */ = {
			isa = PBXProject;
			attributes = {
				LastSwiftUpdateCheck = 0920;
				LastUpgradeCheck = 1010;
				ORGANIZATIONNAME = "Al Dynak";
				TargetAttributes = {
					36BDE4B8203D87BC00581A05 = {
						CreatedOnToolsVersion = 9.2;
						LastSwiftMigration = 1140;
						ProvisioningStyle = Automatic;
					};
				};
			};
			buildConfigurationList = 36BDE4B4203D87BC00581A05 /* Build configuration list for PBXProject "wineApp" */;
			compatibilityVersion = "Xcode 8.0";
			developmentRegion = en;
			hasScannedForEncodings = 0;
			knownRegions = (
				en,
				es,
				Base,
			);
			mainGroup = 36BDE4B0203D87BC00581A05;
			productRefGroup = 36BDE4BA203D87BC00581A05 /* Products */;
			projectDirPath = "";
			projectRoot = "";
			targets = (
				36BDE4B8203D87BC00581A05 /* wineApp */,
			);
		};
/* End PBXProject section */

/* Begin PBXResourcesBuildPhase section */
		36BDE4B7203D87BC00581A05 /* Resources */ = {
			isa = PBXResourcesBuildPhase;
			buildActionMask = 2147483647;
			files = (
				923B6D3F24509B020080A5F6 /* bottles1.csv in Resources */,
				92ED7705248EE3F3000FAD39 /* LaunchScreen.storyboard in Resources */,
				927C22B02483729800695B45 /* Localizable.strings in Resources */,
				36BDE4C4203D87BC00581A05 /* Assets.xcassets in Resources */,
			);
			runOnlyForDeploymentPostprocessing = 0;
		};
/* End PBXResourcesBuildPhase section */

/* Begin PBXSourcesBuildPhase section */
		36BDE4B5203D87BC00581A05 /* Sources */ = {
			isa = PBXSourcesBuildPhase;
			buildActionMask = 2147483647;
			files = (
				922FBD4021B9CD4800E14641 /* inventory.swift in Sources */,
				922B8ECF2469A94D00911785 /* AddTableViewCell.swift in Sources */,
				92E60F452455DBAB0047911C /* DataServices.swift in Sources */,
				92F6896B2472E294006EB934 /* ReconcileViewController.swift in Sources */,
				92BD925A248D3C3700FF839C /* wip.swift in Sources */,
				924175EE245A1EA7002502FE /* LoginController.swift in Sources */,
				924175FA245A2625002502FE /* UserDefaults.swift in Sources */,
				36BDE4BF203D87BC00581A05 /* MainTabBarController.swift in Sources */,
				36BDE4BD203D87BC00581A05 /* AppDelegate.swift in Sources */,
				92E15D1121B8A49E0068C213 /* VarietalViewController.swift in Sources */,
				920DA68E247793700025BA44 /* ReconcileTableViewCell.swift in Sources */,
				924175FC245A2910002502FE /* Extensions.swift in Sources */,
				925C4513246AE8A000044894 /* temp.swift in Sources */,
				36BDE4D1203D884D00581A05 /* ProducerViewController.swift in Sources */,
				92042F3524645CBC00515BAD /* UserCell.swift in Sources */,
				92032433247726690035B9A7 /* ReconcileDetailController.swift in Sources */,
				92F7830621E8E7040003C451 /* AddWineController.swift in Sources */,
				92EE679021CD69BE00BAEEC1 /* BinTableViewCell.swift in Sources */,
				36BDE4CF203D884000581A05 /* DrinkByViewController.swift in Sources */,
				924175F6245A212E002502FE /* Page.swift in Sources */,
				922B8ED12469AB3700911785 /* SearchViewController.swift in Sources */,
				924175F2245A2082002502FE /* LoginCell.swift in Sources */,
				924175F4245A2104002502FE /* PageCell.swift in Sources */,
				92753CE5245DC3D400EF08F6 /* Keyboard.swift in Sources */,
				92FA003121BAD3B70091A710 /* wineDetailViewController.swift in Sources */,
				922FBD3A21B9AEC100E14641 /* Alert.swift in Sources */,
				926D0921247CD556001A8838 /* RemoveBottlesController.swift in Sources */,
			);
			runOnlyForDeploymentPostprocessing = 0;
		};
/* End PBXSourcesBuildPhase section */

/* Begin PBXVariantGroup section */
		927C22B22483729800695B45 /* Localizable.strings */ = {
			isa = PBXVariantGroup;
			children = (
				927C22B12483729800695B45 /* en */,
				927C22B3248372AA00695B45 /* es */,
			);
			name = Localizable.strings;
			sourceTree = "<group>";
		};
		92ED7703248EE3F2000FAD39 /* LaunchScreen.storyboard */ = {
			isa = PBXVariantGroup;
			children = (
				92ED7704248EE3F2000FAD39 /* Base */,
			);
			name = LaunchScreen.storyboard;
			sourceTree = "<group>";
		};
/* End PBXVariantGroup section */

/* Begin XCBuildConfiguration section */
		36BDE4C9203D87BC00581A05 /* Debug */ = {
			isa = XCBuildConfiguration;
			buildSettings = {
				ALWAYS_SEARCH_USER_PATHS = NO;
				CLANG_ANALYZER_LOCALIZABILITY_NONLOCALIZED = YES;
				CLANG_ANALYZER_NONNULL = YES;
				CLANG_ANALYZER_NUMBER_OBJECT_CONVERSION = YES_AGGRESSIVE;
				CLANG_CXX_LANGUAGE_STANDARD = "gnu++14";
				CLANG_CXX_LIBRARY = "libc++";
				CLANG_ENABLE_MODULES = YES;
				CLANG_ENABLE_OBJC_ARC = YES;
				CLANG_WARN_BLOCK_CAPTURE_AUTORELEASING = YES;
				CLANG_WARN_BOOL_CONVERSION = YES;
				CLANG_WARN_COMMA = YES;
				CLANG_WARN_CONSTANT_CONVERSION = YES;
				CLANG_WARN_DEPRECATED_OBJC_IMPLEMENTATIONS = YES;
				CLANG_WARN_DIRECT_OBJC_ISA_USAGE = YES_ERROR;
				CLANG_WARN_DOCUMENTATION_COMMENTS = YES;
				CLANG_WARN_EMPTY_BODY = YES;
				CLANG_WARN_ENUM_CONVERSION = YES;
				CLANG_WARN_INFINITE_RECURSION = YES;
				CLANG_WARN_INT_CONVERSION = YES;
				CLANG_WARN_NON_LITERAL_NULL_CONVERSION = YES;
				CLANG_WARN_OBJC_IMPLICIT_RETAIN_SELF = YES;
				CLANG_WARN_OBJC_LITERAL_CONVERSION = YES;
				CLANG_WARN_OBJC_ROOT_CLASS = YES_ERROR;
				CLANG_WARN_RANGE_LOOP_ANALYSIS = YES;
				CLANG_WARN_STRICT_PROTOTYPES = YES;
				CLANG_WARN_SUSPICIOUS_MOVE = YES;
				CLANG_WARN_UNGUARDED_AVAILABILITY = YES_AGGRESSIVE;
				CLANG_WARN_UNREACHABLE_CODE = YES;
				CLANG_WARN__DUPLICATE_METHOD_MATCH = YES;
				CODE_SIGN_IDENTITY = "iPhone Developer";
				COPY_PHASE_STRIP = NO;
				DEBUG_INFORMATION_FORMAT = dwarf;
				ENABLE_STRICT_OBJC_MSGSEND = YES;
				ENABLE_TESTABILITY = YES;
				GCC_C_LANGUAGE_STANDARD = gnu11;
				GCC_DYNAMIC_NO_PIC = NO;
				GCC_NO_COMMON_BLOCKS = YES;
				GCC_OPTIMIZATION_LEVEL = 0;
				GCC_PREPROCESSOR_DEFINITIONS = (
					"DEBUG=1",
					"$(inherited)",
				);
				GCC_WARN_64_TO_32_BIT_CONVERSION = YES;
				GCC_WARN_ABOUT_RETURN_TYPE = YES_ERROR;
				GCC_WARN_UNDECLARED_SELECTOR = YES;
				GCC_WARN_UNINITIALIZED_AUTOS = YES_AGGRESSIVE;
				GCC_WARN_UNUSED_FUNCTION = YES;
				GCC_WARN_UNUSED_VARIABLE = YES;
				IPHONEOS_DEPLOYMENT_TARGET = 13.4;
				MTL_ENABLE_DEBUG_INFO = YES;
				ONLY_ACTIVE_ARCH = YES;
				SDKROOT = iphoneos;
				SWIFT_ACTIVE_COMPILATION_CONDITIONS = DEBUG;
				SWIFT_OPTIMIZATION_LEVEL = "-Onone";
				TARGETED_DEVICE_FAMILY = 1;
			};
			name = Debug;
		};
		36BDE4CA203D87BC00581A05 /* Release */ = {
			isa = XCBuildConfiguration;
			buildSettings = {
				ALWAYS_SEARCH_USER_PATHS = NO;
				CLANG_ANALYZER_LOCALIZABILITY_NONLOCALIZED = YES;
				CLANG_ANALYZER_NONNULL = YES;
				CLANG_ANALYZER_NUMBER_OBJECT_CONVERSION = YES_AGGRESSIVE;
				CLANG_CXX_LANGUAGE_STANDARD = "gnu++14";
				CLANG_CXX_LIBRARY = "libc++";
				CLANG_ENABLE_MODULES = YES;
				CLANG_ENABLE_OBJC_ARC = YES;
				CLANG_WARN_BLOCK_CAPTURE_AUTORELEASING = YES;
				CLANG_WARN_BOOL_CONVERSION = YES;
				CLANG_WARN_COMMA = YES;
				CLANG_WARN_CONSTANT_CONVERSION = YES;
				CLANG_WARN_DEPRECATED_OBJC_IMPLEMENTATIONS = YES;
				CLANG_WARN_DIRECT_OBJC_ISA_USAGE = YES_ERROR;
				CLANG_WARN_DOCUMENTATION_COMMENTS = YES;
				CLANG_WARN_EMPTY_BODY = YES;
				CLANG_WARN_ENUM_CONVERSION = YES;
				CLANG_WARN_INFINITE_RECURSION = YES;
				CLANG_WARN_INT_CONVERSION = YES;
				CLANG_WARN_NON_LITERAL_NULL_CONVERSION = YES;
				CLANG_WARN_OBJC_IMPLICIT_RETAIN_SELF = YES;
				CLANG_WARN_OBJC_LITERAL_CONVERSION = YES;
				CLANG_WARN_OBJC_ROOT_CLASS = YES_ERROR;
				CLANG_WARN_RANGE_LOOP_ANALYSIS = YES;
				CLANG_WARN_STRICT_PROTOTYPES = YES;
				CLANG_WARN_SUSPICIOUS_MOVE = YES;
				CLANG_WARN_UNGUARDED_AVAILABILITY = YES_AGGRESSIVE;
				CLANG_WARN_UNREACHABLE_CODE = YES;
				CLANG_WARN__DUPLICATE_METHOD_MATCH = YES;
				CODE_SIGN_IDENTITY = "iPhone Developer";
				COPY_PHASE_STRIP = NO;
				DEBUG_INFORMATION_FORMAT = "dwarf-with-dsym";
				ENABLE_NS_ASSERTIONS = NO;
				ENABLE_STRICT_OBJC_MSGSEND = YES;
				GCC_C_LANGUAGE_STANDARD = gnu11;
				GCC_NO_COMMON_BLOCKS = YES;
				GCC_WARN_64_TO_32_BIT_CONVERSION = YES;
				GCC_WARN_ABOUT_RETURN_TYPE = YES_ERROR;
				GCC_WARN_UNDECLARED_SELECTOR = YES;
				GCC_WARN_UNINITIALIZED_AUTOS = YES_AGGRESSIVE;
				GCC_WARN_UNUSED_FUNCTION = YES;
				GCC_WARN_UNUSED_VARIABLE = YES;
				IPHONEOS_DEPLOYMENT_TARGET = 13.4;
				MTL_ENABLE_DEBUG_INFO = NO;
				SDKROOT = iphoneos;
				SWIFT_OPTIMIZATION_LEVEL = "-Owholemodule";
				TARGETED_DEVICE_FAMILY = 1;
				VALIDATE_PRODUCT = YES;
			};
			name = Release;
		};
		36BDE4CC203D87BC00581A05 /* Debug */ = {
			isa = XCBuildConfiguration;
			buildSettings = {
				ASSETCATALOG_COMPILER_APPICON_NAME = AppIcon;
				CODE_SIGN_STYLE = Automatic;
				DEVELOPMENT_TEAM = H738MGD6WZ;
				INFOPLIST_FILE = "$(SRCROOT)/wineApp/Info.plist";
				LD_RUNPATH_SEARCH_PATHS = "$(inherited) @executable_path/Frameworks";
				PRODUCT_BUNDLE_IDENTIFIER = adynak.wineApp;
				PRODUCT_NAME = "$(TARGET_NAME)";
				SWIFT_VERSION = 5.0;
				TARGETED_DEVICE_FAMILY = "1,2";
			};
			name = Debug;
		};
		36BDE4CD203D87BC00581A05 /* Release */ = {
			isa = XCBuildConfiguration;
			buildSettings = {
				ASSETCATALOG_COMPILER_APPICON_NAME = AppIcon;
				CODE_SIGN_STYLE = Automatic;
				DEVELOPMENT_TEAM = H738MGD6WZ;
				INFOPLIST_FILE = "$(SRCROOT)/wineApp/Info.plist";
				LD_RUNPATH_SEARCH_PATHS = "$(inherited) @executable_path/Frameworks";
				PRODUCT_BUNDLE_IDENTIFIER = adynak.wineApp;
				PRODUCT_NAME = "$(TARGET_NAME)";
				SWIFT_VERSION = 5.0;
				TARGETED_DEVICE_FAMILY = "1,2";
			};
			name = Release;
		};
/* End XCBuildConfiguration section */

/* Begin XCConfigurationList section */
		36BDE4B4203D87BC00581A05 /* Build configuration list for PBXProject "wineApp" */ = {
			isa = XCConfigurationList;
			buildConfigurations = (
				36BDE4C9203D87BC00581A05 /* Debug */,
				36BDE4CA203D87BC00581A05 /* Release */,
			);
			defaultConfigurationIsVisible = 0;
			defaultConfigurationName = Release;
		};
		36BDE4CB203D87BC00581A05 /* Build configuration list for PBXNativeTarget "wineApp" */ = {
			isa = XCConfigurationList;
			buildConfigurations = (
				36BDE4CC203D87BC00581A05 /* Debug */,
				36BDE4CD203D87BC00581A05 /* Release */,
			);
			defaultConfigurationIsVisible = 0;
			defaultConfigurationName = Release;
		};
/* End XCConfigurationList section */
	};
	rootObject = 36BDE4B1203D87BC00581A05 /* Project object */;
}
